
Microsoft Visual Studio Solution File, Format Version 10.00
# Visual Studio 2008
Project("{8BC9CEB8-8B4A-11D0-8D11-00A0C91BC942}") = "1", "1\1.vcproj", "{90269D66-A39C-43F6-A8FC-27852261EFF5}"
EndProject
Global
	GlobalSection(SolutionConfigurationPlatforms) = preSolution
		Debug|Win32 = Debug|Win32
		Release|Win32 = Release|Win32
	EndGlobalSection
	GlobalSection(ProjectConfigurationPlatforms) = postSolution
		{90269D66-A39C-43F6-A8FC-27852261EFF5}.Debug|Win32.ActiveCfg = Debug|Win32
		{90269D66-A39C-43F6-A8FC-27852261EFF5}.Debug|Win32.Build.0 = Debug|Win32
		{90269D66-A39C-43F6-A8FC-27852261EFF5}.Release|Win32.ActiveCfg = Release|Win32
		{90269D66-A39C-43F6-A8FC-27852261EFF5}.Release|Win32.Build.0 = Release|Win32
	EndGlobalSection
	GlobalSection(SolutionProperties) = preSolution
		HideSolutionNode = FALSE
	EndGlobalSection
EndGlobal
